<Solution>
  <Project Path="AdoNetConsoleApp/AdoNetConsoleApp.csproj" Id="4c3cea49-5be2-4e4e-ae34-4f54af828142" />
  <Project Path="DapperConsoleApp/DapperConsoleApp.csproj" Id="69fa1fca-c97e-457d-bb88-6a5cd948a300" />
  <Project Path="Database/Database.csproj" Id="748f8450-385a-4457-b872-2001739d930b" />
  <Project Path="EFCoreConsoleApp/EFCoreConsoleApp.csproj" Id="5c56408c-1ab5-4177-a55b-60f078987b6d" />
  <Project Path="MiniPOSApplication/MiniPOSApplication.csproj" Id="cf14d039-5d86-41b3-a4f2-1d1ad897b941" />
  <Project Path="WebApiApplication/WebApiApplication.csproj" Id="6740584c-edb3-4027-99de-7ce83bd31d85" />
  <Project Path="WeddingBookingApplication.API/WeddingBookingApplication.API.csproj" Id="ad7bf530-fc60-4f67-b1f7-574f51c843ba" />
  <Project Path="WeddingBookingApplication.Domain/WeddingBookingApplication.Domain.csproj" Id="79390a02-b5a7-48fc-90d3-ac54371916db" />
  <Project Path="WindowFormApplication/WindowFormApplication.csproj" Id="3d99c0a1-0c67-41b5-a38d-a720e9e371ac" />
</Solution>
